
Microsoft Visual Studio Solution File, Format Version 12.00
# Visual Studio Version 17
VisualStudioVersion = 17.8.34330.188
MinimumVisualStudioVersion = 10.0.40219.1
Project("{9A19103F-16F7-4668-BE54-9A1E7A4F7556}") = "TelegramChatGPT", "TelegramChatGPT\TelegramChatGPT.csproj", "{05821D9C-DAD6-419D-8200-1AD6D9EC652C}"
EndProject
Project("{9A19103F-16F7-4668-BE54-9A1E7A4F7556}") = "TelegramChatGPT.Tests", "TelegramChatGPT.Tests\TelegramChatGPT.Tests.csproj", "{4FC94C8E-5E34-4BD0-A8B7-D156CC6495F2}"
EndProject
Global
	GlobalSection(SolutionConfigurationPlatforms) = preSolution
		Debug|Any CPU = Debug|Any CPU
		Release|Any CPU = Release|Any CPU
	EndGlobalSection
	GlobalSection(ProjectConfigurationPlatforms) = postSolution
		{05821D9C-DAD6-419D-8200-1AD6D9EC652C}.Debug|Any CPU.ActiveCfg = Debug|Any CPU
		{05821D9C-DAD6-419D-8200-1AD6D9EC652C}.Debug|Any CPU.Build.0 = Debug|Any CPU
		{05821D9C-DAD6-419D-8200-1AD6D9EC652C}.Release|Any CPU.ActiveCfg = Release|Any CPU
		{05821D9C-DAD6-419D-8200-1AD6D9EC652C}.Release|Any CPU.Build.0 = Release|Any CPU
		{4FC94C8E-5E34-4BD0-A8B7-D156CC6495F2}.Debug|Any CPU.ActiveCfg = Debug|Any CPU
		{4FC94C8E-5E34-4BD0-A8B7-D156CC6495F2}.Debug|Any CPU.Build.0 = Debug|Any CPU
		{4FC94C8E-5E34-4BD0-A8B7-D156CC6495F2}.Release|Any CPU.ActiveCfg = Release|Any CPU
		{4FC94C8E-5E34-4BD0-A8B7-D156CC6495F2}.Release|Any CPU.Build.0 = Release|Any CPU
	EndGlobalSection
	GlobalSection(SolutionProperties) = preSolution
		HideSolutionNode = FALSE
	EndGlobalSection
	GlobalSection(ExtensibilityGlobals) = postSolution
		SolutionGuid = {DB9479DD-495A-4B1D-B43F-236E8922E031}
	EndGlobalSection
	GlobalSection(NDepend) = preSolution
		Project = ".\TelegramChatGPT.ndproj"
	EndGlobalSection
EndGlobal
